
Microsoft Visual Studio Solution File, Format Version 12.00
# Visual Studio Version 16
VisualStudioVersion = 16.0.34114.132
MinimumVisualStudioVersion = 10.0.40219.1
Project("{FAE04EC0-301F-11D3-BF4B-00C04F79EFBC}") = "ABM_presentacion", "ABM_presentacion\ABM_presentacion.csproj", "{011874EA-5C97-489E-AF22-2A2B8D560839}"
EndProject
Global
	GlobalSection(SolutionConfigurationPlatforms) = preSolution
		Debug|Any CPU = Debug|Any CPU
		Release|Any CPU = Release|Any CPU
	EndGlobalSection
	GlobalSection(ProjectConfigurationPlatforms) = postSolution
		{011874EA-5C97-489E-AF22-2A2B8D560839}.Debug|Any CPU.ActiveCfg = Debug|Any CPU
		{011874EA-5C97-489E-AF22-2A2B8D560839}.Debug|Any CPU.Build.0 = Debug|Any CPU
		{011874EA-5C97-489E-AF22-2A2B8D560839}.Release|Any CPU.ActiveCfg = Release|Any CPU
		{011874EA-5C97-489E-AF22-2A2B8D560839}.Release|Any CPU.Build.0 = Release|Any CPU
	EndGlobalSection
	GlobalSection(SolutionProperties) = preSolution
		HideSolutionNode = FALSE
	EndGlobalSection
	GlobalSection(ExtensibilityGlobals) = postSolution
		SolutionGuid = {0552ACD5-F6C8-49B5-B9FA-E47D128063D6}
	EndGlobalSection
EndGlobal
